// !$*UTF8*$!
{
	archiveVersion = 1;
	classes = {
	};
	objectVersion = 46;
	objects = {

/* Begin PBXBuildFile section */
		F4450E71168C277F0076668C /* UIKit.framework in Frameworks */ = {isa = PBXBuildFile; fileRef = F4450E70168C277F0076668C /* UIKit.framework */; };
		F4450E73168C277F0076668C /* Foundation.framework in Frameworks */ = {isa = PBXBuildFile; fileRef = F4450E72168C277F0076668C /* Foundation.framework */; };
		F4450E75168C277F0076668C /* CoreGraphics.framework in Frameworks */ = {isa = PBXBuildFile; fileRef = F4450E74168C277F0076668C /* CoreGraphics.framework */; };
		F4450E7B168C277F0076668C /* InfoPlist.strings in Resources */ = {isa = PBXBuildFile; fileRef = F4450E79168C277F0076668C /* InfoPlist.strings */; };
		F4450E7D168C277F0076668C /* main.m in Sources */ = {isa = PBXBuildFile; fileRef = F4450E7C168C277F0076668C /* main.m */; };
		F4450E81168C277F0076668C /* AppDelegate.m in Sources */ = {isa = PBXBuildFile; fileRef = F4450E80168C277F0076668C /* AppDelegate.m */; };
		F4450E83168C277F0076668C /* Default.png in Resources */ = {isa = PBXBuildFile; fileRef = F4450E82168C277F0076668C /* Default.png */; };
		F4450E85168C277F0076668C /* Default@2x.png in Resources */ = {isa = PBXBuildFile; fileRef = F4450E84168C277F0076668C /* Default@2x.png */; };
		F4450E87168C277F0076668C /* Default-568h@2x.png in Resources */ = {isa = PBXBuildFile; fileRef = F4450E86168C277F0076668C /* Default-568h@2x.png */; };
		F4450E8A168C277F0076668C /* MainStoryboard.storyboard in Resources */ = {isa = PBXBuildFile; fileRef = F4450E88168C277F0076668C /* MainStoryboard.storyboard */; };
		F4450E8D168C277F0076668C /* ViewController.m in Sources */ = {isa = PBXBuildFile; fileRef = F4450E8C168C277F0076668C /* ViewController.m */; };
		F4450E97168C27D50076668C /* QBTitleView.m in Sources */ = {isa = PBXBuildFile; fileRef = F4450E96168C27D50076668C /* QBTitleView.m */; };
		F4450E99168C28DC0076668C /* profile.png in Resources */ = {isa = PBXBuildFile; fileRef = F4450E98168C28DC0076668C /* profile.png */; };
		F4450E9B168C37510076668C /* QuartzCore.framework in Frameworks */ = {isa = PBXBuildFile; fileRef = F4450E9A168C37510076668C /* QuartzCore.framework */; };
/* End PBXBuildFile section */

/* Begin PBXFileReference section */
		F4450E6C168C277F0076668C /* QBTitleView.app */ = {isa = PBXFileReference; explicitFileType = wrapper.application; includeInIndex = 0; path = QBTitleView.app; sourceTree = BUILT_PRODUCTS_DIR; };
		F4450E70168C277F0076668C /* UIKit.framework */ = {isa = PBXFileReference; lastKnownFileType = wrapper.framework; name = UIKit.framework; path = System/Library/Frameworks/UIKit.framework; sourceTree = SDKROOT; };
		F4450E72168C277F0076668C /* Foundation.framework */ = {isa = PBXFileReference; lastKnownFileType = wrapper.framework; name = Foundation.framework; path = System/Library/Frameworks/Foundation.framework; sourceTree = SDKROOT; };
		F4450E74168C277F0076668C /* CoreGraphics.framework */ = {isa = PBXFileReference; lastKnownFileType = wrapper.framework; name = CoreGraphics.framework; path = System/Library/Frameworks/CoreGraphics.framework; sourceTree = SDKROOT; };
		F4450E78168C277F0076668C /* QBTitleView-Info.plist */ = {isa = PBXFileReference; lastKnownFileType = text.plist.xml; path = "QBTitleView-Info.plist"; sourceTree = "<group>"; };
		F4450E7A168C277F0076668C /* en */ = {isa = PBXFileReference; lastKnownFileType = text.plist.strings; name = en; path = en.lproj/InfoPlist.strings; sourceTree = "<group>"; };
		F4450E7C168C277F0076668C /* main.m */ = {isa = PBXFileReference; lastKnownFileType = sourcecode.c.objc; path = main.m; sourceTree = "<group>"; };
		F4450E7E168C277F0076668C /* QBTitleView-Prefix.pch */ = {isa = PBXFileReference; lastKnownFileType = sourcecode.c.h; path = "QBTitleView-Prefix.pch"; sourceTree = "<group>"; };
		F4450E7F168C277F0076668C /* AppDelegate.h */ = {isa = PBXFileReference; lastKnownFileType = sourcecode.c.h; path = AppDelegate.h; sourceTree = "<group>"; };
		F4450E80168C277F0076668C /* AppDelegate.m */ = {isa = PBXFileReference; lastKnownFileType = sourcecode.c.objc; path = AppDelegate.m; sourceTree = "<group>"; };
		F4450E82168C277F0076668C /* Default.png */ = {isa = PBXFileReference; lastKnownFileType = image.png; path = Default.png; sourceTree = "<group>"; };
		F4450E84168C277F0076668C /* Default@2x.png */ = {isa = PBXFileReference; lastKnownFileType = image.png; path = "Default@2x.png"; sourceTree = "<group>"; };
		F4450E86168C277F0076668C /* Default-568h@2x.png */ = {isa = PBXFileReference; lastKnownFileType = image.png; path = "Default-568h@2x.png"; sourceTree = "<group>"; };
		F4450E89168C277F0076668C /* en */ = {isa = PBXFileReference; lastKnownFileType = file.storyboard; name = en; path = en.lproj/MainStoryboard.storyboard; sourceTree = "<group>"; };
		F4450E8B168C277F0076668C /* ViewController.h */ = {isa = PBXFileReference; lastKnownFileType = sourcecode.c.h; path = ViewController.h; sourceTree = "<group>"; };
		F4450E8C168C277F0076668C /* ViewController.m */ = {isa = PBXFileReference; lastKnownFileType = sourcecode.c.objc; path = ViewController.m; sourceTree = "<group>"; };
		F4450E95168C27D50076668C /* QBTitleView.h */ = {isa = PBXFileReference; fileEncoding = 4; lastKnownFileType = sourcecode.c.h; path = QBTitleView.h; sourceTree = "<group>"; };
		F4450E96168C27D50076668C /* QBTitleView.m */ = {isa = PBXFileReference; fileEncoding = 4; lastKnownFileType = sourcecode.c.objc; path = QBTitleView.m; sourceTree = "<group>"; };
		F4450E98168C28DC0076668C /* profile.png */ = {isa = PBXFileReference; lastKnownFileType = image.png; path = profile.png; sourceTree = "<group>"; };
		F4450E9A168C37510076668C /* QuartzCore.framework */ = {isa = PBXFileReference; lastKnownFileType = wrapper.framework; name = QuartzCore.framework; path = System/Library/Frameworks/QuartzCore.framework; sourceTree = SDKROOT; };
/* End PBXFileReference section */

/* Begin PBXFrameworksBuildPhase section */
		F4450E69168C277F0076668C /* Frameworks */ = {
			isa = PBXFrameworksBuildPhase;
			buildActionMask = 2147483647;
			files = (
				F4450E9B168C37510076668C /* QuartzCore.framework in Frameworks */,
				F4450E71168C277F0076668C /* UIKit.framework in Frameworks */,
				F4450E73168C277F0076668C /* Foundation.framework in Frameworks */,
				F4450E75168C277F0076668C /* CoreGraphics.framework in Frameworks */,
			);
			runOnlyForDeploymentPostprocessing = 0;
		};
/* End PBXFrameworksBuildPhase section */

/* Begin PBXGroup section */
		F4450E61168C277F0076668C = {
			isa = PBXGroup;
			children = (
				F4450E76168C277F0076668C /* QBTitleView */,
				F4450E6F168C277F0076668C /* Frameworks */,
				F4450E6D168C277F0076668C /* Products */,
			);
			sourceTree = "<group>";
		};
		F4450E6D168C277F0076668C /* Products */ = {
			isa = PBXGroup;
			children = (
				F4450E6C168C277F0076668C /* QBTitleView.app */,
			);
			name = Products;
			sourceTree = "<group>";
		};
		F4450E6F168C277F0076668C /* Frameworks */ = {
			isa = PBXGroup;
			children = (
				F4450E9A168C37510076668C /* QuartzCore.framework */,
				F4450E70168C277F0076668C /* UIKit.framework */,
				F4450E72168C277F0076668C /* Foundation.framework */,
				F4450E74168C277F0076668C /* CoreGraphics.framework */,
			);
			name = Frameworks;
			sourceTree = "<group>";
		};
		F4450E76168C277F0076668C /* QBTitleView */ = {
			isa = PBXGroup;
			children = (
				F4450E94168C27C70076668C /* Classes */,
				F4450E7F168C277F0076668C /* AppDelegate.h */,
				F4450E80168C277F0076668C /* AppDelegate.m */,
				F4450E88168C277F0076668C /* MainStoryboard.storyboard */,
				F4450E8B168C277F0076668C /* ViewController.h */,
				F4450E8C168C277F0076668C /* ViewController.m */,
				F4450E98168C28DC0076668C /* profile.png */,
				F4450E77168C277F0076668C /* Supporting Files */,
			);
			path = QBTitleView;
			sourceTree = "<group>";
		};
		F4450E77168C277F0076668C /* Supporting Files */ = {
			isa = PBXGroup;
			children = (
				F4450E78168C277F0076668C /* QBTitleView-Info.plist */,
				F4450E79168C277F0076668C /* InfoPlist.strings */,
				F4450E7C168C277F0076668C /* main.m */,
				F4450E7E168C277F0076668C /* QBTitleView-Prefix.pch */,
				F4450E82168C277F0076668C /* Default.png */,
				F4450E84168C277F0076668C /* Default@2x.png */,
				F4450E86168C277F0076668C /* Default-568h@2x.png */,
			);
			name = "Supporting Files";
			sourceTree = "<group>";
		};
		F4450E94168C27C70076668C /* Classes */ = {
			isa = PBXGroup;
			children = (
				F4450E95168C27D50076668C /* QBTitleView.h */,
				F4450E96168C27D50076668C /* QBTitleView.m */,
			);
			path = Classes;
			sourceTree = "<group>";
		};
/* End PBXGroup section */

/* Begin PBXNativeTarget section */
		F4450E6B168C277F0076668C /* QBTitleView */ = {
			isa = PBXNativeTarget;
			buildConfigurationList = F4450E90168C277F0076668C /* Build configuration list for PBXNativeTarget "QBTitleView" */;
			buildPhases = (
				F4450E68168C277F0076668C /* Sources */,
				F4450E69168C277F0076668C /* Frameworks */,
				F4450E6A168C277F0076668C /* Resources */,
			);
			buildRules = (
			);
			dependencies = (
			);
			name = QBTitleView;
			productName = QBTitleView;
			productReference = F4450E6C168C277F0076668C /* QBTitleView.app */;
			productType = "com.apple.product-type.application";
		};
/* End PBXNativeTarget section */

/* Begin PBXProject section */
		F4450E63168C277F0076668C /* Project object */ = {
			isa = PBXProject;
			attributes = {
				LastUpgradeCheck = 0450;
				ORGANIZATIONNAME = "Katsuma Tanaka";
			};
			buildConfigurationList = F4450E66168C277F0076668C /* Build configuration list for PBXProject "QBTitleView" */;
			compatibilityVersion = "Xcode 3.2";
			developmentRegion = English;
			hasScannedForEncodings = 0;
			knownRegions = (
				en,
			);
			mainGroup = F4450E61168C277F0076668C;
			productRefGroup = F4450E6D168C277F0076668C /* Products */;
			projectDirPath = "";
			projectRoot = "";
			targets = (
				F4450E6B168C277F0076668C /* QBTitleView */,
			);
		};
/* End PBXProject section */

/* Begin PBXResourcesBuildPhase section */
		F4450E6A168C277F0076668C /* Resources */ = {
			isa = PBXResourcesBuildPhase;
			buildActionMask = 2147483647;
			files = (
				F4450E7B168C277F0076668C /* InfoPlist.strings in Resources */,
				F4450E83168C277F0076668C /* Default.png in Resources */,
				F4450E85168C277F0076668C /* Default@2x.png in Resources */,
				F4450E87168C277F0076668C /* Default-568h@2x.png in Resources */,
				F4450E8A168C277F0076668C /* MainStoryboard.storyboard in Resources */,
				F4450E99168C28DC0076668C /* profile.png in Resources */,
			);
			runOnlyForDeploymentPostprocessing = 0;
		};
/* End PBXResourcesBuildPhase section */

/* Begin PBXSourcesBuildPhase section */
		F4450E68168C277F0076668C /* Sources */ = {
			isa = PBXSourcesBuildPhase;
			buildActionMask = 2147483647;
			files = (
				F4450E7D168C277F0076668C /* main.m in Sources */,
				F4450E81168C277F0076668C /* AppDelegate.m in Sources */,
				F4450E8D168C277F0076668C /* ViewController.m in Sources */,
				F4450E97168C27D50076668C /* QBTitleView.m in Sources */,
			);
			runOnlyForDeploymentPostprocessing = 0;
		};
/* End PBXSourcesBuildPhase section */

/* Begin PBXVariantGroup section */
		F4450E79168C277F0076668C /* InfoPlist.strings */ = {
			isa = PBXVariantGroup;
			children = (
				F4450E7A168C277F0076668C /* en */,
			);
			name = InfoPlist.strings;
			sourceTree = "<group>";
		};
		F4450E88168C277F0076668C /* MainStoryboard.storyboard */ = {
			isa = PBXVariantGroup;
			children = (
				F4450E89168C277F0076668C /* en */,
			);
			name = MainStoryboard.storyboard;
			sourceTree = "<group>";
		};
/* End PBXVariantGroup section */

/* Begin XCBuildConfiguration section */
		F4450E8E168C277F0076668C /* Debug */ = {
			isa = XCBuildConfiguration;
			buildSettings = {
				ALWAYS_SEARCH_USER_PATHS = NO;
				CLANG_CXX_LANGUAGE_STANDARD = "gnu++0x";
				CLANG_CXX_LIBRARY = "libc++";
				CLANG_WARN_EMPTY_BODY = YES;
				CLANG_WARN__DUPLICATE_METHOD_MATCH = YES;
				"CODE_SIGN_IDENTITY[sdk=iphoneos*]" = "iPhone Developer";
				COPY_PHASE_STRIP = NO;
				GCC_C_LANGUAGE_STANDARD = gnu99;
				GCC_DYNAMIC_NO_PIC = NO;
				GCC_OPTIMIZATION_LEVEL = 0;
				GCC_PREPROCESSOR_DEFINITIONS = (
					"DEBUG=1",
					"$(inherited)",
				);
				GCC_SYMBOLS_PRIVATE_EXTERN = NO;
				GCC_WARN_ABOUT_RETURN_TYPE = YES;
				GCC_WARN_UNINITIALIZED_AUTOS = YES;
				GCC_WARN_UNUSED_VARIABLE = YES;
				IPHONEOS_DEPLOYMENT_TARGET = 6.0;
				ONLY_ACTIVE_ARCH = YES;
				SDKROOT = iphoneos;
			};
			name = Debug;
		};
		F4450E8F168C277F0076668C /* Release */ = {
			isa = XCBuildConfiguration;
			buildSettings = {
				ALWAYS_SEARCH_USER_PATHS = NO;
				CLANG_CXX_LANGUAGE_STANDARD = "gnu++0x";
				CLANG_CXX_LIBRARY = "libc++";
				CLANG_WARN_EMPTY_BODY = YES;
				CLANG_WARN__DUPLICATE_METHOD_MATCH = YES;
				"CODE_SIGN_IDENTITY[sdk=iphoneos*]" = "iPhone Developer";
				COPY_PHASE_STRIP = YES;
				GCC_C_LANGUAGE_STANDARD = gnu99;
				GCC_WARN_ABOUT_RETURN_TYPE = YES;
				GCC_WARN_UNINITIALIZED_AUTOS = YES;
				GCC_WARN_UNUSED_VARIABLE = YES;
				IPHONEOS_DEPLOYMENT_TARGET = 6.0;
				OTHER_CFLAGS = "-DNS_BLOCK_ASSERTIONS=1";
				SDKROOT = iphoneos;
				VALIDATE_PRODUCT = YES;
			};
			name = Release;
		};
		F4450E91168C277F0076668C /* Debug */ = {
			isa = XCBuildConfiguration;
			buildSettings = {
				GCC_PRECOMPILE_PREFIX_HEADER = YES;
				GCC_PREFIX_HEADER = "QBTitleView/QBTitleView-Prefix.pch";
				INFOPLIST_FILE = "QBTitleView/QBTitleView-Info.plist";
				PRODUCT_NAME = "$(TARGET_NAME)";
				WRAPPER_EXTENSION = app;
			};
			name = Debug;
		};
		F4450E92168C277F0076668C /* Release */ = {
			isa = XCBuildConfiguration;
			buildSettings = {
				GCC_PRECOMPILE_PREFIX_HEADER = YES;
				GCC_PREFIX_HEADER = "QBTitleView/QBTitleView-Prefix.pch";
				INFOPLIST_FILE = "QBTitleView/QBTitleView-Info.plist";
				PRODUCT_NAME = "$(TARGET_NAME)";
				WRAPPER_EXTENSION = app;
			};
			name = Release;
		};
/* End XCBuildConfiguration section */

/* Begin XCConfigurationList section */
		F4450E66168C277F0076668C /* Build configuration list for PBXProject "QBTitleView" */ = {
			isa = XCConfigurationList;
			buildConfigurations = (
				F4450E8E168C277F0076668C /* Debug */,
				F4450E8F168C277F0076668C /* Release */,
			);
			defaultConfigurationIsVisible = 0;
			defaultConfigurationName = Release;
		};
		F4450E90168C277F0076668C /* Build configuration list for PBXNativeTarget "QBTitleView" */ = {
			isa = XCConfigurationList;
			buildConfigurations = (
				F4450E91168C277F0076668C /* Debug */,
				F4450E92168C277F0076668C /* Release */,
			);
			defaultConfigurationIsVisible = 0;
		};
/* End XCConfigurationList section */
	};
	rootObject = F4450E63168C277F0076668C /* Project object */;
}
